{
  "object": {
    "pins": [
      {
        "package": "Bluetooth",
        "repositoryURL": "https://github.com/PureSwift/Bluetooth.git",
        "state": {
          "branch": null,
          "revision": "ca873f206cc1bcfbe1f9eeac420ec53d00ea38ec",
          "version": "5.2.0"
        }
      },
      {
        "package": "BluetoothLinux",
        "repositoryURL": "https://github.com/blocks-lockers/BluetoothLinux.git",
        "state": {
          "branch": "fix/4.2.1-dep",
          "revision": "592386706de903082b669b5ce71c8cb5ddac89db",
          "version": null
        }
      },
      {
        "package": "GATT",
        "repositoryURL": "https://github.com/blocks-lockers/GATT",
        "state": {
          "branch": "fix/2.5.0-dep",
          "revision": "a7cd8d8b401e5ae1cbab2529c8d64011b8443d0c",
          "version": null
        }
      },
      {
        "package": "Runtime",
        "repositoryURL": "https://github.com/wickwirew/Runtime",
        "state": {
          "branch": null,
          "revision": "dad03135d7701a4e7b3a4051e75d6b37bd8e178e",
          "version": "2.2.4"
        }
      }
    ]
  },
  "version": 1
}
