{
  "object": {
    "pins": [
      {
        "package": "BluetoothLinux",
        "repositoryURL": "https://github.com/blocks-lockers/BluetoothLinux",
        "state": {
          "branch": "swift-5.5",
          "revision": "eebeedcc96153bf56e758ccb649d960cc287748e",
          "version": null
        }
      },
      {
        "package": "GATT",
        "repositoryURL": "https://github.com/blocks-lockers/GATT",
        "state": {
          "branch": "swift-5.5",
          "revision": "f7230cc55e403ba034acee8ec47d822365c1e1cf",
          "version": null
        }
      },
      {
        "package": "Runtime",
        "repositoryURL": "https://github.com/wickwirew/Runtime",
        "state": {
          "branch": null,
          "revision": "dad03135d7701a4e7b3a4051e75d6b37bd8e178e",
          "version": "2.2.4"
        }
      }
    ]
  },
  "version": 1
}
